<?xml version="1.0" encoding="utf-8"?>
<Project ToolsVersion="4.0" xmlns="http://schemas.microsoft.com/developer/msbuild/2003">
  <ItemGroup>
    <ClCompile Include="AudioObject.cpp" />
    <ClCompile Include="BassAudio.cpp" />
    <ClCompile Include="Cam.cpp" />
    <ClCompile Include="Combiner.cpp" />
    <ClCompile Include="Connectable.cpp" />
    <ClCompile Include="Ground.cpp" />
    <ClCompile Include="IGobject.cpp" />
    <ClCompile Include="IMusicListener.cpp" />
    <ClCompile Include="InputManager.cpp" />
    <ClCompile Include="DataStructs.cpp" />
    <ClCompile Include="IvOxject.cpp" />
    <ClCompile Include="main.cpp" />
    <ClCompile Include="Map.cpp" />
    <ClCompile Include="Observer.cpp" />
    <ClCompile Include="SceneGraph.cpp" />
    <ClCompile Include="TestConectables.cpp" />
    <ClCompile Include="TestYeti.cpp" />
    <ClCompile Include="UpdateManager.cpp" />
    <ClCompile Include="Utility.cpp" />
    <ClCompile Include="VoxelVector.cpp" />
    <ClCompile Include="Voxel.cpp" />
    <ClCompile Include="VoxelMap.cpp" />
    <ClCompile Include="VoxGrid.cpp" />
    <ClCompile Include="Cubus.cpp" />
    <ClCompile Include="CamTargetMover.cpp" />
    <ClCompile Include="CamTargetRotator.cpp" />
    <ClCompile Include="Fountain.cpp" />
    <ClCompile Include="FourtainObject.cpp" />
    <ClCompile Include="Transform.cpp" />
  </ItemGroup>
  <ItemGroup>
    <ClInclude Include="AudioObject.h" />
    <ClInclude Include="BassAudio.h" />
    <ClInclude Include="Cam.h" />
    <ClInclude Include="Combiner.h" />
    <ClInclude Include="Connectable.h" />
    <ClInclude Include="Ground.h" />
    <ClInclude Include="IGobject.h" />
    <ClInclude Include="IMusicListener.h" />
    <ClInclude Include="InputManager.h" />
    <ClInclude Include="IObserver.h" />
    <ClInclude Include="DataStructs.h" />
    <ClInclude Include="IvOxject.h" />
    <ClInclude Include="Map.h" />
    <ClInclude Include="projectClasses.h" />
    <ClInclude Include="projectGrafics.h" />
    <ClInclude Include="projectMacros.h" />
    <ClInclude Include="SceneGraph.h" />
    <ClInclude Include="TestConectables.h" />
    <ClInclude Include="TestYeti.h" />
    <ClInclude Include="UpdateManager.h" />
    <ClInclude Include="Utility.h" />
    <ClInclude Include="VoxelVector.h" />
    <ClInclude Include="Voxel.h" />
    <ClInclude Include="VoxelMap.h" />
    <ClInclude Include="VoxGrid.h" />
    <ClInclude Include="Cubus.h" />
    <ClInclude Include="CamTargetMover.h" />
    <ClInclude Include="CamTargetRotator.h" />
    <ClInclude Include="Fountain.h" />
    <ClInclude Include="FourtainObject.h" />
    <ClInclude Include="Transform.h" />
  </ItemGroup>
  <ItemGroup>
    <Text Include="cube.obi" />
  </ItemGroup>
  <ItemGroup>
    <None Include="ClassDiagram3.cd" />
  </ItemGroup>
</Project>