<?xml version="1.0" encoding="utf-8"?>
<Project ToolsVersion="4.0" xmlns="http://schemas.microsoft.com/developer/msbuild/2003">
  <ItemGroup>
    <ClCompile Include="main.cpp" />
    <ClCompile Include="RuntimeInstances.cpp" />
    <ClCompile Include="AudioObject.cpp">
      <Filter>Objects\ConnectableComponents</Filter>
    </ClCompile>
    <ClCompile Include="BassAudio.cpp">
      <Filter>RuntimManagers</Filter>
    </ClCompile>
    <ClCompile Include="Cam.cpp">
      <Filter>Objects</Filter>
    </ClCompile>
    <ClCompile Include="CamTargetMover.cpp">
      <Filter>Objects\ConnectableComponents</Filter>
    </ClCompile>
    <ClCompile Include="CamTargetRotator.cpp">
      <Filter>Objects\ConnectableComponents</Filter>
    </ClCompile>
    <ClCompile Include="Collider.cpp">
      <Filter>Objects\ConnectableComponents</Filter>
    </ClCompile>
    <ClCompile Include="Combiner.cpp">
      <Filter>Core</Filter>
    </ClCompile>
    <ClCompile Include="Connectable.cpp">
      <Filter>Core</Filter>
    </ClCompile>
    <ClCompile Include="Cubus.cpp">
      <Filter>Objects</Filter>
    </ClCompile>
    <ClCompile Include="DataStructs.cpp">
      <Filter>Core</Filter>
    </ClCompile>
    <ClCompile Include="FirstPerson.cpp">
      <Filter>Objects\CameraModes</Filter>
    </ClCompile>
    <ClCompile Include="FollowTarget.cpp">
      <Filter>Objects\CameraModes</Filter>
    </ClCompile>
    <ClCompile Include="Fountain.cpp">
      <Filter>Objects</Filter>
    </ClCompile>
    <ClCompile Include="FourtainObject.cpp">
      <Filter>Objects</Filter>
    </ClCompile>
    <ClCompile Include="Ground.cpp">
      <Filter>Objects</Filter>
    </ClCompile>
    <ClCompile Include="IGObject.cpp">
      <Filter>Core</Filter>
    </ClCompile>
    <ClCompile Include="IMeshObject.cpp">
      <Filter>Core</Filter>
    </ClCompile>
    <ClCompile Include="IVoxelObject.cpp">
      <Filter>Core</Filter>
    </ClCompile>
    <ClCompile Include="VoxGrid.cpp">
      <Filter>Objects</Filter>
    </ClCompile>
    <ClCompile Include="IMusicListener.cpp">
      <Filter>Objects\ConnectableComponents</Filter>
    </ClCompile>
    <ClCompile Include="InputManager.cpp">
      <Filter>RuntimManagers</Filter>
    </ClCompile>
    <ClCompile Include="Map.cpp">
      <Filter>Objects</Filter>
    </ClCompile>
    <ClCompile Include="MrZylinder.cpp">
      <Filter>Objects</Filter>
    </ClCompile>
    <ClCompile Include="ObjectManagement.cpp">
      <Filter>TryesAndUnderConstruction</Filter>
    </ClCompile>
    <ClCompile Include="Musikubus.cpp">
      <Filter>TryesAndUnderConstruction</Filter>
    </ClCompile>
    <ClCompile Include="Perceptor.cpp">
      <Filter>TryesAndUnderConstruction</Filter>
    </ClCompile>
    <ClCompile Include="SceneGraph.cpp">
      <Filter>RuntimManagers</Filter>
    </ClCompile>
    <ClCompile Include="Sphere.cpp">
      <Filter>Objects</Filter>
    </ClCompile>
    <ClCompile Include="SpectrumAnalyzer.cpp">
      <Filter>Objects</Filter>
    </ClCompile>
    <ClCompile Include="Spectator.cpp">
      <Filter>Objects\CameraModes</Filter>
    </ClCompile>
    <ClCompile Include="TargetGrabber.cpp">
      <Filter>Objects\CameraModes</Filter>
    </ClCompile>
    <ClCompile Include="Voxel.cpp">
      <Filter>Core</Filter>
    </ClCompile>
    <ClCompile Include="VoxelMap.cpp">
      <Filter>Core</Filter>
    </ClCompile>
    <ClCompile Include="VoxelVector.cpp">
      <Filter>Core</Filter>
    </ClCompile>
    <ClCompile Include="Sprite.cpp">
      <Filter>Objects</Filter>
    </ClCompile>
    <ClCompile Include="VoxControl.cpp">
      <Filter>Objects\ConnectableComponents</Filter>
    </ClCompile>
    <ClCompile Include="UpdateManager.cpp">
      <Filter>RuntimManagers</Filter>
    </ClCompile>
    <ClCompile Include="Utility.cpp">
      <Filter>RuntimManagers</Filter>
    </ClCompile>
    <ClCompile Include="TestConectables.cpp">
      <Filter>TryesAndUnderConstruction</Filter>
    </ClCompile>
    <ClCompile Include="TestYeti.cpp">
      <Filter>TryesAndUnderConstruction</Filter>
    </ClCompile>
    <ClCompile Include="ShaderObj.cpp">
      <Filter>Objects</Filter>
    </ClCompile>
    <ClCompile Include="Shader.cpp">
      <Filter>Objects\ConnectableComponents</Filter>
    </ClCompile>
    <ClCompile Include="Transform.cpp">
      <Filter>Objects\ConnectableComponents</Filter>
    </ClCompile>
    <ClCompile Include="Randomover.cpp" />
  </ItemGroup>
  <ItemGroup>
    <ClInclude Include="AudioObject.h">
      <Filter>Objects\ConnectableComponents</Filter>
    </ClInclude>
    <ClInclude Include="BassAudio.h">
      <Filter>RuntimManagers</Filter>
    </ClInclude>
    <ClInclude Include="Cam.h">
      <Filter>Objects</Filter>
    </ClInclude>
    <ClInclude Include="CamTargetMover.h">
      <Filter>Objects\ConnectableComponents</Filter>
    </ClInclude>
    <ClInclude Include="CamTargetRotator.h">
      <Filter>Objects\ConnectableComponents</Filter>
    </ClInclude>
    <ClInclude Include="Collider.h">
      <Filter>Objects\ConnectableComponents</Filter>
    </ClInclude>
    <ClInclude Include="Combiner.h">
      <Filter>Core</Filter>
    </ClInclude>
    <ClInclude Include="Connectable.h">
      <Filter>Core</Filter>
    </ClInclude>
    <ClInclude Include="Cubus.h">
      <Filter>Objects</Filter>
    </ClInclude>
    <ClInclude Include="DataStructs.h">
      <Filter>Core</Filter>
    </ClInclude>
    <ClInclude Include="FirstPerson.h">
      <Filter>Objects\CameraModes</Filter>
    </ClInclude>
    <ClInclude Include="FollowTarget.h">
      <Filter>Objects\CameraModes</Filter>
    </ClInclude>
    <ClInclude Include="Fountain.h">
      <Filter>Objects</Filter>
    </ClInclude>
    <ClInclude Include="FourtainObject.h">
      <Filter>Objects</Filter>
    </ClInclude>
    <ClInclude Include="Ground.h">
      <Filter>Objects</Filter>
    </ClInclude>
    <ClInclude Include="IGObject.h">
      <Filter>Core</Filter>
    </ClInclude>
    <ClInclude Include="IMeshObject.h">
      <Filter>Core</Filter>
    </ClInclude>
    <ClInclude Include="IVoxelObject.h">
      <Filter>Core</Filter>
    </ClInclude>
    <ClInclude Include="VoxGrid.h">
      <Filter>Objects</Filter>
    </ClInclude>
    <ClInclude Include="IMusicListener.h">
      <Filter>Objects\ConnectableComponents</Filter>
    </ClInclude>
    <ClInclude Include="InputManager.h">
      <Filter>RuntimManagers</Filter>
    </ClInclude>
    <ClInclude Include="Map.h">
      <Filter>Objects</Filter>
    </ClInclude>
    <ClInclude Include="MrZylinder.h">
      <Filter>Objects</Filter>
    </ClInclude>
    <ClInclude Include="ObjectManagement.h">
      <Filter>TryesAndUnderConstruction</Filter>
    </ClInclude>
    <ClInclude Include="Musikubus.h">
      <Filter>TryesAndUnderConstruction</Filter>
    </ClInclude>
    <ClInclude Include="Perceptor.h">
      <Filter>TryesAndUnderConstruction</Filter>
    </ClInclude>
    <ClInclude Include="SceneGraph.h">
      <Filter>RuntimManagers</Filter>
    </ClInclude>
    <ClInclude Include="Sphere.h">
      <Filter>Objects</Filter>
    </ClInclude>
    <ClInclude Include="SpectrumAnalyzer.h">
      <Filter>Objects</Filter>
    </ClInclude>
    <ClInclude Include="Spectator.h">
      <Filter>Objects\CameraModes</Filter>
    </ClInclude>
    <ClInclude Include="TargetGrabber.h">
      <Filter>Objects\CameraModes</Filter>
    </ClInclude>
    <ClInclude Include="VoxelVector.h">
      <Filter>Core</Filter>
    </ClInclude>
    <ClInclude Include="Voxel.h">
      <Filter>Core</Filter>
    </ClInclude>
    <ClInclude Include="VoxelMap.h">
      <Filter>Core</Filter>
    </ClInclude>
    <ClInclude Include="Sprite.h">
      <Filter>Objects</Filter>
    </ClInclude>
    <ClInclude Include="VoxControl.h">
      <Filter>Objects\ConnectableComponents</Filter>
    </ClInclude>
    <ClInclude Include="Utility.h">
      <Filter>RuntimManagers</Filter>
    </ClInclude>
    <ClInclude Include="UpdateManager.h">
      <Filter>RuntimManagers</Filter>
    </ClInclude>
    <ClInclude Include="TestConectables.h">
      <Filter>TryesAndUnderConstruction</Filter>
    </ClInclude>
    <ClInclude Include="TestYeti.h">
      <Filter>TryesAndUnderConstruction</Filter>
    </ClInclude>
    <ClInclude Include="ShaderObj.h">
      <Filter>Objects</Filter>
    </ClInclude>
    <ClInclude Include="Shader.h">
      <Filter>Objects\ConnectableComponents</Filter>
    </ClInclude>
    <ClInclude Include="projectClasses.h">
      <Filter>include</Filter>
    </ClInclude>
    <ClInclude Include="projectGrafics.h">
      <Filter>include</Filter>
    </ClInclude>
    <ClInclude Include="projectMacros.h">
      <Filter>include</Filter>
    </ClInclude>
    <ClInclude Include="AllConnectablesInclude.h">
      <Filter>include</Filter>
    </ClInclude>
    <ClInclude Include="CameraModesIncluder.h">
      <Filter>include</Filter>
    </ClInclude>
    <ClInclude Include="InstancibleObjects.h">
      <Filter>include</Filter>
    </ClInclude>
    <ClInclude Include="Transform.h">
      <Filter>Objects\ConnectableComponents</Filter>
    </ClInclude>
    <ClInclude Include="Randomover.h" />
    <ClInclude Include="LueckList.h">
      <Filter>Core</Filter>
    </ClInclude>
  </ItemGroup>
  <ItemGroup>
    <None Include="ClassDiagram3.cd" />
    <None Include="cube_quads.obi">
      <Filter>Resources\Meshes</Filter>
    </None>
    <None Include="cube_tris.obi">
      <Filter>Resources\Meshes</Filter>
    </None>
    <None Include="cylinder_quads.obi">
      <Filter>Resources\Meshes</Filter>
    </None>
    <None Include="cylinder_tris.obi">
      <Filter>Resources\Meshes</Filter>
    </None>
    <None Include="sphere_quads_high.obi">
      <Filter>Resources\Meshes</Filter>
    </None>
    <None Include="sphere_quads_low.obi">
      <Filter>Resources\Meshes</Filter>
    </None>
    <None Include="sphere_tris_high.obi">
      <Filter>Resources\Meshes</Filter>
    </None>
    <None Include="sphere_tris_low.obi">
      <Filter>Resources\Meshes</Filter>
    </None>
    <None Include="tri_sphere.fbx">
      <Filter>Resources</Filter>
    </None>
    <None Include="bluobbber.pix">
      <Filter>Resources</Filter>
    </None>
    <None Include="bluobbber.ppm">
      <Filter>Resources\Textures\PPM</Filter>
    </None>
    <None Include="buntbild_128.ppm">
      <Filter>Resources\Textures\PPM</Filter>
    </None>
    <None Include="drei.ppm">
      <Filter>Resources\Textures\PPM</Filter>
    </None>
    <None Include="drei_.ppm">
      <Filter>Resources\Textures\PPM</Filter>
    </None>
    <None Include="ich.ppm">
      <Filter>Resources\Textures\PPM</Filter>
    </None>
    <None Include="tr.ppm">
      <Filter>Resources\Textures\PPM</Filter>
    </None>
    <None Include="X-7.tga">
      <Filter>Resources\Textures</Filter>
    </None>
    <None Include="ClassDiagram31.cd" />
  </ItemGroup>
  <ItemGroup>
    <Filter Include="Resources">
      <UniqueIdentifier>{12865d0b-bad4-4cbd-8e75-605472a8425f}</UniqueIdentifier>
    </Filter>
    <Filter Include="Objects">
      <UniqueIdentifier>{65f41f50-5264-4935-8630-30889426cc76}</UniqueIdentifier>
    </Filter>
    <Filter Include="RuntimManagers">
      <UniqueIdentifier>{5ee4c901-92a9-4fb3-bdbc-d4e0a444efd1}</UniqueIdentifier>
    </Filter>
    <Filter Include="Core">
      <UniqueIdentifier>{62bf1e00-a5a8-40e8-8677-87d83222b88a}</UniqueIdentifier>
    </Filter>
    <Filter Include="TryesAndUnderConstruction">
      <UniqueIdentifier>{b39a9bd6-9b4b-41b8-93ee-14e2b5c19cfd}</UniqueIdentifier>
    </Filter>
    <Filter Include="Objects\ConnectableComponents">
      <UniqueIdentifier>{fda2fb6f-c16c-4ced-8f70-ed3f09a647e3}</UniqueIdentifier>
    </Filter>
    <Filter Include="include">
      <UniqueIdentifier>{9ae8b098-b9ed-414e-a5bb-e5ee3f2c581a}</UniqueIdentifier>
    </Filter>
    <Filter Include="Objects\CameraModes">
      <UniqueIdentifier>{357515cb-d646-467a-ac5b-d216bc68e5ab}</UniqueIdentifier>
    </Filter>
    <Filter Include="Resources\Textures">
      <UniqueIdentifier>{dfaeece3-00af-4d23-87f6-9297ba820000}</UniqueIdentifier>
    </Filter>
    <Filter Include="Resources\Sound">
      <UniqueIdentifier>{31a2590d-268e-4160-a8ad-6cff005ecc6c}</UniqueIdentifier>
    </Filter>
    <Filter Include="Resources\Meshes">
      <UniqueIdentifier>{843c146c-81bf-4043-a7d2-1962282e3a10}</UniqueIdentifier>
    </Filter>
    <Filter Include="Resources\Textures\PPM">
      <UniqueIdentifier>{785e9e0d-6cc9-45be-b050-e0c26d36030c}</UniqueIdentifier>
    </Filter>
  </ItemGroup>
  <ItemGroup>
    <Media Include="03.wav">
      <Filter>Resources\Sound</Filter>
    </Media>
    <Media Include="08.wav">
      <Filter>Resources\Sound</Filter>
    </Media>
    <Media Include="18.wav">
      <Filter>Resources\Sound</Filter>
    </Media>
    <Media Include="brumm_f32.wav">
      <Filter>Resources\Sound</Filter>
    </Media>
    <Media Include="brumm_s16.wav">
      <Filter>Resources\Sound</Filter>
    </Media>
  </ItemGroup>
  <ItemGroup>
    <Text Include="brumm_f32.txt">
      <Filter>Resources\Sound</Filter>
    </Text>
    <Text Include="brumm_s16.txt">
      <Filter>Resources\Sound</Filter>
    </Text>
  </ItemGroup>
  <ItemGroup>
    <Image Include="CubusX_256.bmp">
      <Filter>Resources\Textures</Filter>
    </Image>
    <Image Include="Q2-shiny.png">
      <Filter>Resources\Textures</Filter>
    </Image>
    <Image Include="q2_23.png">
      <Filter>Resources\Textures</Filter>
    </Image>
    <Image Include="X-3.png">
      <Filter>Resources\Textures</Filter>
    </Image>
    <Image Include="X-512.jpg">
      <Filter>Resources\Textures</Filter>
    </Image>
    <Image Include="X-7.png">
      <Filter>Resources\Textures</Filter>
    </Image>
  </ItemGroup>
</Project>