<?xml version="1.0" encoding="utf-8"?>
<Project ToolsVersion="4.0" xmlns="http://schemas.microsoft.com/developer/msbuild/2003">
  <ItemGroup>
    <ClCompile Include="main.cpp" />
    <ClCompile Include="BassAudio.cpp">
      <Filter>Core\RuntimeManagers</Filter>
    </ClCompile>
    <ClCompile Include="AudioObject.cpp">
      <Filter>Objects\ConnectableComponents</Filter>
    </ClCompile>
    <ClCompile Include="Collider.cpp">
      <Filter>UnderConstruction</Filter>
    </ClCompile>
    <ClCompile Include="Combiner.cpp">
      <Filter>UnderConstruction</Filter>
    </ClCompile>
    <ClCompile Include="Connectable.cpp">
      <Filter>Core</Filter>
    </ClCompile>
    <ClCompile Include="Cubus.cpp">
      <Filter>Objects</Filter>
    </ClCompile>
    <ClCompile Include="DataStructs.cpp">
      <Filter>Core</Filter>
    </ClCompile>
    <ClCompile Include="FirstPerson.cpp">
      <Filter>Objects\ConnectableCameraModes</Filter>
    </ClCompile>
    <ClCompile Include="FollowTarget.cpp">
      <Filter>Objects\ConnectableCameraModes</Filter>
    </ClCompile>
    <ClCompile Include="Fountain.cpp">
      <Filter>Objects</Filter>
    </ClCompile>
    <ClCompile Include="FountainObject.cpp">
      <Filter>Objects</Filter>
    </ClCompile>
    <ClCompile Include="Ground.cpp">
      <Filter>Objects</Filter>
    </ClCompile>
    <ClCompile Include="Cam.cpp">
      <Filter>Objects</Filter>
    </ClCompile>
    <ClCompile Include="IGObject.cpp">
      <Filter>Core</Filter>
    </ClCompile>
    <ClCompile Include="IMeshObject.cpp">
      <Filter>Core</Filter>
    </ClCompile>
    <ClCompile Include="InputManager.cpp">
      <Filter>Core\RuntimeManagers</Filter>
    </ClCompile>
    <ClCompile Include="RuntimeInstances.cpp">
      <Filter>Core\RuntimeManagers</Filter>
    </ClCompile>
    <ClCompile Include="SceneGraph.cpp">
      <Filter>Core\RuntimeManagers</Filter>
    </ClCompile>
    <ClCompile Include="UpdateManager.cpp">
      <Filter>Core\RuntimeManagers</Filter>
    </ClCompile>
    <ClCompile Include="Utility.cpp">
      <Filter>Core\RuntimeManagers</Filter>
    </ClCompile>
    <ClCompile Include="Map.cpp">
      <Filter>Objects</Filter>
    </ClCompile>
    <ClCompile Include="MrZylinder.cpp">
      <Filter>Objects</Filter>
    </ClCompile>
    <ClCompile Include="Randomover.cpp">
      <Filter>Objects\ConnectableComponents</Filter>
    </ClCompile>
    <ClCompile Include="SpectrumAnalyzer.cpp">
      <Filter>Objects</Filter>
    </ClCompile>
    <ClCompile Include="VoxGrid.cpp">
      <Filter>Objects</Filter>
    </ClCompile>
    <ClCompile Include="ObjectUpdater.cpp">
      <Filter>UnderConstruction</Filter>
    </ClCompile>
    <ClCompile Include="Musikubus.cpp">
      <Filter>UnderConstruction</Filter>
    </ClCompile>
    <ClCompile Include="Perceptor.cpp">
      <Filter>UnderConstruction</Filter>
    </ClCompile>
    <ClCompile Include="Shader.cpp">
      <Filter>UnderConstruction</Filter>
    </ClCompile>
    <ClCompile Include="ShaderObj.cpp">
      <Filter>UnderConstruction</Filter>
    </ClCompile>
    <ClCompile Include="Spectator.cpp">
      <Filter>UnderConstruction</Filter>
    </ClCompile>
    <ClCompile Include="Sphere.cpp">
      <Filter>Objects</Filter>
    </ClCompile>
    <ClCompile Include="Sprite.cpp">
      <Filter>Objects</Filter>
    </ClCompile>
    <ClCompile Include="Voxel.cpp">
      <Filter>Core</Filter>
    </ClCompile>
    <ClCompile Include="VoxelMap.cpp">
      <Filter>Core</Filter>
    </ClCompile>
    <ClCompile Include="VoxelVector.cpp">
      <Filter>Core</Filter>
    </ClCompile>
    <ClCompile Include="VoxControl.cpp">
      <Filter>Objects\ConnectableComponents</Filter>
    </ClCompile>
    <ClCompile Include="TargetGrabber.cpp">
      <Filter>Objects\ConnectableCameraModes</Filter>
    </ClCompile>
    <ClCompile Include="MusicListener.cpp">
      <Filter>Core</Filter>
    </ClCompile>
    <ClCompile Include="MusicScaler.cpp">
      <Filter>Objects\ConnectableComponents</Filter>
    </ClCompile>
    <ClCompile Include="MusicVox.cpp">
      <Filter>Objects\ConnectableComponents</Filter>
    </ClCompile>
    <ClCompile Include="TestConectables.cpp">
      <Filter>Objects\ConnectableComponents</Filter>
    </ClCompile>
    <ClCompile Include="SkyBox.cpp">
      <Filter>Objects</Filter>
    </ClCompile>
    <ClCompile Include="StrangeChaoticView.cpp">
      <Filter>Objects\ConnectableCameraModes</Filter>
    </ClCompile>
    <ClCompile Include="ObjectManagement.cpp">
      <Filter>Core\RuntimeManagers</Filter>
    </ClCompile>
    <ClCompile Include="GuiManager.cpp">
      <Filter>Core\RuntimeManagers</Filter>
    </ClCompile>
    <ClCompile Include="EffectClass.cpp">
      <Filter>UnderConstruction</Filter>
    </ClCompile>
    <ClCompile Include="ScreenOverlay.cpp">
      <Filter>UnderConstruction</Filter>
    </ClCompile>
    <ClCompile Include="IDrawable.cpp">
      <Filter>UnderConstruction</Filter>
    </ClCompile>
    <ClCompile Include="ButtonControl.cpp">
      <Filter>Objects\ConnectableComponents</Filter>
    </ClCompile>
    <ClCompile Include="Transform.cpp">
      <Filter>Core</Filter>
    </ClCompile>
    <ClCompile Include="Edit.cpp">
      <Filter>Objects\ConnectableCameraModes</Filter>
    </ClCompile>
    <ClCompile Include="ControlledValues.cpp">
      <Filter>Core</Filter>
    </ClCompile>
    <ClCompile Include="Listener.cpp" />
    <ClCompile Include="ObjectFollower.cpp">
      <Filter>Objects\ConnectableComponents</Filter>
    </ClCompile>
    <ClCompile Include="SliderX.cpp" />
  </ItemGroup>
  <ItemGroup>
    <ClInclude Include="AllConnectablesInclude.h" />
    <ClInclude Include="InstancibleObjects.h" />
    <ClInclude Include="projectClasses.h" />
    <ClInclude Include="projectGrafics.h" />
    <ClInclude Include="projectMacros.h" />
    <ClInclude Include="BassAudio.h">
      <Filter>Core\RuntimeManagers</Filter>
    </ClInclude>
    <ClInclude Include="CameraModesIncluder.h" />
    <ClInclude Include="AudioObject.h">
      <Filter>Objects\ConnectableComponents</Filter>
    </ClInclude>
    <ClInclude Include="Collider.h">
      <Filter>UnderConstruction</Filter>
    </ClInclude>
    <ClInclude Include="Combiner.h">
      <Filter>UnderConstruction</Filter>
    </ClInclude>
    <ClInclude Include="Connectable.h">
      <Filter>Core</Filter>
    </ClInclude>
    <ClInclude Include="Cubus.h">
      <Filter>Objects</Filter>
    </ClInclude>
    <ClInclude Include="DataStructs.h">
      <Filter>Core</Filter>
    </ClInclude>
    <ClInclude Include="FirstPerson.h">
      <Filter>Objects\ConnectableCameraModes</Filter>
    </ClInclude>
    <ClInclude Include="FollowTarget.h">
      <Filter>Objects\ConnectableCameraModes</Filter>
    </ClInclude>
    <ClInclude Include="Fountain.h">
      <Filter>Objects</Filter>
    </ClInclude>
    <ClInclude Include="FountainObject.h">
      <Filter>Objects</Filter>
    </ClInclude>
    <ClInclude Include="Ground.h">
      <Filter>Objects</Filter>
    </ClInclude>
    <ClInclude Include="Cam.h">
      <Filter>Objects</Filter>
    </ClInclude>
    <ClInclude Include="IGObject.h">
      <Filter>Core</Filter>
    </ClInclude>
    <ClInclude Include="IMeshObject.h">
      <Filter>Core</Filter>
    </ClInclude>
    <ClInclude Include="InputManager.h">
      <Filter>Core\RuntimeManagers</Filter>
    </ClInclude>
    <ClInclude Include="SceneGraph.h">
      <Filter>Core\RuntimeManagers</Filter>
    </ClInclude>
    <ClInclude Include="UpdateManager.h">
      <Filter>Core\RuntimeManagers</Filter>
    </ClInclude>
    <ClInclude Include="Map.h">
      <Filter>Objects</Filter>
    </ClInclude>
    <ClInclude Include="MrZylinder.h">
      <Filter>Objects</Filter>
    </ClInclude>
    <ClInclude Include="Randomover.h">
      <Filter>Objects\ConnectableComponents</Filter>
    </ClInclude>
    <ClInclude Include="SpectrumAnalyzer.h">
      <Filter>Objects</Filter>
    </ClInclude>
    <ClInclude Include="VoxGrid.h">
      <Filter>Objects</Filter>
    </ClInclude>
    <ClInclude Include="ObjectUptater.h">
      <Filter>UnderConstruction</Filter>
    </ClInclude>
    <ClInclude Include="Musikubus.h">
      <Filter>UnderConstruction</Filter>
    </ClInclude>
    <ClInclude Include="Perceptor.h">
      <Filter>UnderConstruction</Filter>
    </ClInclude>
    <ClInclude Include="Shader.h">
      <Filter>UnderConstruction</Filter>
    </ClInclude>
    <ClInclude Include="ShaderObj.h">
      <Filter>UnderConstruction</Filter>
    </ClInclude>
    <ClInclude Include="Spectator.h">
      <Filter>UnderConstruction</Filter>
    </ClInclude>
    <ClInclude Include="Sphere.h">
      <Filter>Objects</Filter>
    </ClInclude>
    <ClInclude Include="Sprite.h">
      <Filter>Objects</Filter>
    </ClInclude>
    <ClInclude Include="VoxelVector.h">
      <Filter>Core</Filter>
    </ClInclude>
    <ClInclude Include="Voxel.h">
      <Filter>Core</Filter>
    </ClInclude>
    <ClInclude Include="VoxelMap.h">
      <Filter>Core</Filter>
    </ClInclude>
    <ClInclude Include="VoxControl.h">
      <Filter>Objects\ConnectableComponents</Filter>
    </ClInclude>
    <ClInclude Include="TargetGrabber.h">
      <Filter>Objects\ConnectableCameraModes</Filter>
    </ClInclude>
    <ClInclude Include="List.h">
      <Filter>Core</Filter>
    </ClInclude>
    <ClInclude Include="MusicInteractor.h">
      <Filter>Objects\ConnectableComponents</Filter>
    </ClInclude>
    <ClInclude Include="MusicScaler.h">
      <Filter>Objects\ConnectableComponents</Filter>
    </ClInclude>
    <ClInclude Include="MusicVox.h">
      <Filter>Objects\ConnectableComponents</Filter>
    </ClInclude>
    <ClInclude Include="MusicController.h">
      <Filter>Objects\ConnectableComponents</Filter>
    </ClInclude>
    <ClInclude Include="ParticleSystem.h">
      <Filter>Objects</Filter>
    </ClInclude>
    <ClInclude Include="Utility.h">
      <Filter>Core\RuntimeManagers</Filter>
    </ClInclude>
    <ClInclude Include="ObjectMover.h">
      <Filter>Objects\ConnectableComponents</Filter>
    </ClInclude>
    <ClInclude Include="SkyBox.h">
      <Filter>Objects</Filter>
    </ClInclude>
    <ClInclude Include="StrangeChaoticView.h">
      <Filter>Objects\ConnectableCameraModes</Filter>
    </ClInclude>
    <ClInclude Include="AnimatedSprite.h" />
    <ClInclude Include="ObjectManagement.h">
      <Filter>Core\RuntimeManagers</Filter>
    </ClInclude>
    <ClInclude Include="GuiManager.h">
      <Filter>Core\RuntimeManagers</Filter>
    </ClInclude>
    <ClInclude Include="EffectClass.h">
      <Filter>UnderConstruction</Filter>
    </ClInclude>
    <ClInclude Include="ScreenOverlay.h">
      <Filter>UnderConstruction</Filter>
    </ClInclude>
    <ClInclude Include="IDrawable.h">
      <Filter>UnderConstruction</Filter>
    </ClInclude>
    <ClInclude Include="ButtonControl.h">
      <Filter>Objects\ConnectableComponents</Filter>
    </ClInclude>
    <ClInclude Include="Transform.h">
      <Filter>Core</Filter>
    </ClInclude>
    <ClInclude Include="Edit.h">
      <Filter>Objects\ConnectableCameraModes</Filter>
    </ClInclude>
    <ClInclude Include="ValueControllerUserModes.h">
      <Filter>Core</Filter>
    </ClInclude>
    <ClInclude Include="ControlledValues.h">
      <Filter>Core</Filter>
    </ClInclude>
    <ClInclude Include="Listener.h" />
    <ClInclude Include="ObjectFollower.h">
      <Filter>Objects\ConnectableComponents</Filter>
    </ClInclude>
    <ClInclude Include="SliderX.h" />
    <ClInclude Include="There Are Four Buttons !!!!_256x256.h">
      <Filter>Resources\Textures\ControlEllements</Filter>
    </ClInclude>
  </ItemGroup>
  <ItemGroup>
    <Media Include="03.wav">
      <Filter>Resources\Sounds</Filter>
    </Media>
    <Media Include="08.wav">
      <Filter>Resources\Sounds</Filter>
    </Media>
    <Media Include="18.wav">
      <Filter>Resources\Sounds</Filter>
    </Media>
    <Media Include="brumm_f32.wav">
      <Filter>Resources\Sounds</Filter>
    </Media>
    <Media Include="brumm_s16.wav">
      <Filter>Resources\Sounds</Filter>
    </Media>
    <Media Include="DaRioGame v03 1-Kit-808.wav">
      <Filter>Resources\Sounds</Filter>
    </Media>
    <Media Include="DaRioGame v03.wav">
      <Filter>Resources\Sounds</Filter>
    </Media>
    <Media Include="DaRioGame v03 B-Delay.wav">
      <Filter>Resources\Sounds</Filter>
    </Media>
    <Media Include="DaRioGame v03 A-Reverb.wav">
      <Filter>Resources\Sounds</Filter>
    </Media>
    <Media Include="DaRioGame v03 22-Audio.wav">
      <Filter>Resources\Sounds</Filter>
    </Media>
    <Media Include="DaRioGame v03 21-Audio.wav">
      <Filter>Resources\Sounds</Filter>
    </Media>
    <Media Include="DaRioGame v03 20-Audio.wav">
      <Filter>Resources\Sounds</Filter>
    </Media>
    <Media Include="DaRioGame v03 19-Audio.wav">
      <Filter>Resources\Sounds</Filter>
    </Media>
    <Media Include="DaRioGame v03 18-Audio.wav">
      <Filter>Resources\Sounds</Filter>
    </Media>
    <Media Include="DaRioGame v03 17-Audio.wav">
      <Filter>Resources\Sounds</Filter>
    </Media>
    <Media Include="DaRioGame v03 16-Audio.wav">
      <Filter>Resources\Sounds</Filter>
    </Media>
    <Media Include="DaRioGame v03 15-Audio.wav">
      <Filter>Resources\Sounds</Filter>
    </Media>
    <Media Include="DaRioGame v03 14-Audio.wav">
      <Filter>Resources\Sounds</Filter>
    </Media>
    <Media Include="DaRioGame v03 13-Audio.wav">
      <Filter>Resources\Sounds</Filter>
    </Media>
    <Media Include="DaRioGame v03 12-Audio.wav">
      <Filter>Resources\Sounds</Filter>
    </Media>
    <Media Include="DaRioGame v03 11-Audio.wav">
      <Filter>Resources\Sounds</Filter>
    </Media>
    <Media Include="DaRioGame v03 10-Nanopad.wav">
      <Filter>Resources\Sounds</Filter>
    </Media>
    <Media Include="DaRioGame v03 9-Brite Strings.wav">
      <Filter>Resources\Sounds</Filter>
    </Media>
    <Media Include="DaRioGame v03 8-Sforzando.wav">
      <Filter>Resources\Sounds</Filter>
    </Media>
    <Media Include="DaRioGame v03 7-Kit-808.wav">
      <Filter>Resources\Sounds</Filter>
    </Media>
    <Media Include="DaRioGame v03 6-CZ_ToogBass.wav">
      <Filter>Resources\Sounds</Filter>
    </Media>
    <Media Include="DaRioGame v03 5-TeeBee Ultralight.wav">
      <Filter>Resources\Sounds</Filter>
    </Media>
    <Media Include="DaRioGame v03 4-Kit-808.wav">
      <Filter>Resources\Sounds</Filter>
    </Media>
    <Media Include="DaRioGame v03 3-Kit-808.wav">
      <Filter>Resources\Sounds</Filter>
    </Media>
    <Media Include="DaRioGame v03 2-Kit-808.wav">
      <Filter>Resources\Sounds</Filter>
    </Media>
    <Media Include="mono 4-Kit-808.wav">
      <Filter>Resources\Sounds</Filter>
    </Media>
    <Media Include="mono 3-Kit-808.wav">
      <Filter>Resources\Sounds</Filter>
    </Media>
    <Media Include="mono 2-Kit-808.wav">
      <Filter>Resources\Sounds</Filter>
    </Media>
    <Media Include="mono 1-Kit-808.wav">
      <Filter>Resources\Sounds</Filter>
    </Media>
    <Media Include="mp3\01-Kit-808.mp3">
      <Filter>Resources\Sounds\MP3</Filter>
    </Media>
    <Media Include="mp3\02-Kit-808.mp3">
      <Filter>Resources\Sounds\MP3</Filter>
    </Media>
    <Media Include="mp3\03-Kit-808.mp3">
      <Filter>Resources\Sounds\MP3</Filter>
    </Media>
    <Media Include="mp3\04-Kit-808.mp3">
      <Filter>Resources\Sounds\MP3</Filter>
    </Media>
    <Media Include="mp3\05-TeeBee Ultralight.mp3">
      <Filter>Resources\Sounds\MP3</Filter>
    </Media>
    <Media Include="mp3\06-CZ_ToogBass.mp3">
      <Filter>Resources\Sounds\MP3</Filter>
    </Media>
    <Media Include="mp3\07-Kit-808.mp3">
      <Filter>Resources\Sounds\MP3</Filter>
    </Media>
    <Media Include="mp3\08-Sforzando.mp3">
      <Filter>Resources\Sounds\MP3</Filter>
    </Media>
    <Media Include="mp3\09-Brite Strings.mp3">
      <Filter>Resources\Sounds\MP3</Filter>
    </Media>
    <Media Include="mp3\10-Nanopad.mp3">
      <Filter>Resources\Sounds\MP3</Filter>
    </Media>
    <Media Include="mp3\11-Audio.mp3">
      <Filter>Resources\Sounds\MP3</Filter>
    </Media>
    <Media Include="mp3\12-Audio.mp3">
      <Filter>Resources\Sounds\MP3</Filter>
    </Media>
    <Media Include="mp3\13-Audio.mp3">
      <Filter>Resources\Sounds\MP3</Filter>
    </Media>
    <Media Include="mp3\14-Audio.mp3">
      <Filter>Resources\Sounds\MP3</Filter>
    </Media>
    <Media Include="mp3\15-Audio.mp3">
      <Filter>Resources\Sounds\MP3</Filter>
    </Media>
    <Media Include="mp3\16-Audio.mp3">
      <Filter>Resources\Sounds\MP3</Filter>
    </Media>
    <Media Include="mp3\17-Audio.mp3">
      <Filter>Resources\Sounds\MP3</Filter>
    </Media>
    <Media Include="mp3\18-Audio.mp3">
      <Filter>Resources\Sounds\MP3</Filter>
    </Media>
    <Media Include="mp3\19-Audio.mp3">
      <Filter>Resources\Sounds\MP3</Filter>
    </Media>
    <Media Include="mp3\20-Audio.mp3">
      <Filter>Resources\Sounds\MP3</Filter>
    </Media>
    <Media Include="mp3\21-Audio.mp3">
      <Filter>Resources\Sounds\MP3</Filter>
    </Media>
    <Media Include="mp3\22-Audio.mp3">
      <Filter>Resources\Sounds\MP3</Filter>
    </Media>
    <Media Include="mp3\A-Reverb.mp3">
      <Filter>Resources\Sounds\MP3</Filter>
    </Media>
    <Media Include="mp3\B-Delay.mp3">
      <Filter>Resources\Sounds\MP3</Filter>
    </Media>
    <Media Include="mp3\unnamed.mp3">
      <Filter>Resources\Sounds\MP3</Filter>
    </Media>
  </ItemGroup>
  <ItemGroup>
    <Image Include="q2_23.png">
      <Filter>Resources\Textures</Filter>
    </Image>
    <Image Include="CubusX_256.bmp">
      <Filter>Resources\Textures</Filter>
    </Image>
    <Image Include="X-3.png">
      <Filter>Resources\Textures</Filter>
    </Image>
    <Image Include="X-512.jpg">
      <Filter>Resources\Textures</Filter>
    </Image>
    <Image Include="X-7.png">
      <Filter>Resources\Textures</Filter>
    </Image>
    <Image Include="framen_1920x1080.png">
      <Filter>Resources\Textures</Filter>
    </Image>
    <Image Include="testbild_1600x900.png">
      <Filter>Resources\Textures</Filter>
    </Image>
    <Image Include="Q2_1872x516.png">
      <Filter>Resources\Textures</Filter>
    </Image>
    <Image Include="button_64x64.png">
      <Filter>Resources\Textures\ControlEllements</Filter>
    </Image>
    <Image Include="knobA_64x64.png">
      <Filter>Resources\Textures\ControlEllements</Filter>
    </Image>
    <Image Include="knobB_64x64.png">
      <Filter>Resources\Textures\ControlEllements</Filter>
    </Image>
    <Image Include="sliderX_64x64.png">
      <Filter>Resources\Textures\ControlEllements</Filter>
    </Image>
    <Image Include="There Are Four Buttons !!!!_256x256.png">
      <Filter>Resources\Textures\ControlEllements</Filter>
    </Image>
    <Image Include="Der Blaue Dunst_512x512.png">
      <Filter>Resources\Textures\Particles</Filter>
    </Image>
    <Image Include="grau_128x128.png">
      <Filter>Resources\Textures\Particles</Filter>
    </Image>
    <Image Include="kubismus.png">
      <Filter>Resources\Textures\Particles</Filter>
    </Image>
    <Image Include="Modus Grau_512x512.png">
      <Filter>Resources\Textures\Particles</Filter>
    </Image>
    <Image Include="Modus Grau_64x64.png">
      <Filter>Resources\Textures\Particles</Filter>
    </Image>
    <Image Include="particle1_128x128.png">
      <Filter>Resources\Textures\Particles</Filter>
    </Image>
    <Image Include="particle2_128x128.png">
      <Filter>Resources\Textures\Particles</Filter>
    </Image>
    <Image Include="particle3_128x128.png">
      <Filter>Resources\Textures\Particles</Filter>
    </Image>
    <Image Include="Deckelblech-2.png">
      <Filter>Resources\Textures\Bleche</Filter>
    </Image>
    <Image Include="Deckelblech-2s.png">
      <Filter>Resources\Textures\Bleche</Filter>
    </Image>
    <Image Include="Deckelblech128-1.png">
      <Filter>Resources\Textures\Bleche</Filter>
    </Image>
    <Image Include="Deckelblech128-3channel.png">
      <Filter>Resources\Textures\Bleche</Filter>
    </Image>
    <Image Include="Deckelblech_128x128.png">
      <Filter>Resources\Textures\Bleche</Filter>
    </Image>
    <Image Include="codefreaks_black.jpg">
      <Filter>Resources\Textures</Filter>
    </Image>
    <Image Include="sliderX-2color_64x64.png">
      <Filter>Resources\Textures\ControlEllements</Filter>
    </Image>
  </ItemGroup>
  <ItemGroup>
    <None Include="ClassDiagram31.cd" />
    <None Include="ClassDiagram3.cd" />
    <None Include="bluobbber.pix">
      <Filter>Resources\Textures</Filter>
    </None>
    <None Include="bluobbber.ppm">
      <Filter>Resources\Textures</Filter>
    </None>
    <None Include="buntbild_128.ppm">
      <Filter>Resources\Textures</Filter>
    </None>
    <None Include="cube_quads.obi">
      <Filter>Resources\Meshes</Filter>
    </None>
    <None Include="cube_tris.obi">
      <Filter>Resources\Meshes</Filter>
    </None>
    <None Include="drei.ppm">
      <Filter>Resources\Textures</Filter>
    </None>
    <None Include="drei_.ppm">
      <Filter>Resources\Textures</Filter>
    </None>
    <None Include="ich.ppm">
      <Filter>Resources\Textures</Filter>
    </None>
    <None Include="sphere_quads_high.obi">
      <Filter>Resources\Meshes</Filter>
    </None>
    <None Include="sphere_quads_low.obi">
      <Filter>Resources\Meshes</Filter>
    </None>
    <None Include="sphere_tris_high.obi">
      <Filter>Resources\Meshes</Filter>
    </None>
    <None Include="sphere_tris_low.obi">
      <Filter>Resources\Meshes</Filter>
    </None>
    <None Include="X-7.tga">
      <Filter>Resources\Textures</Filter>
    </None>
    <None Include="tr.ppm">
      <Filter>Resources\Textures</Filter>
    </None>
    <None Include="tri_sphere.fbx">
      <Filter>Resources\Meshes</Filter>
    </None>
    <None Include="cylinder_quads.obi">
      <Filter>Resources\Meshes</Filter>
    </None>
    <None Include="Color_4.ppm">
      <Filter>Resources\Textures</Filter>
    </None>
    <None Include="Color_3.ppm">
      <Filter>Resources\Textures</Filter>
    </None>
    <None Include="Color_1.ppm">
      <Filter>Resources\Textures</Filter>
    </None>
    <None Include="Bump_6.ppm">
      <Filter>Resources\Textures</Filter>
    </None>
    <None Include="Bump_5.ppm">
      <Filter>Resources\Textures</Filter>
    </None>
    <None Include="Bump_3.ppm">
      <Filter>Resources\Textures</Filter>
    </None>
    <None Include="drei_64x64.ppm">
      <Filter>Resources\Textures</Filter>
    </None>
    <None Include="Modus Grau_128x128.ppm">
      <Filter>Resources\Textures\Particles</Filter>
    </None>
    <None Include="There Are Four Buttons !!!!_256x256.pgm">
      <Filter>Resources\Textures\ControlEllements</Filter>
    </None>
    <None Include="ConvolutionKernel.tga">
      <Filter>Resources\Textures</Filter>
    </None>
    <None Include="Deckelblech128.tga">
      <Filter>Resources\Textures</Filter>
    </None>
    <None Include="Deckelblech128-3channel.tga">
      <Filter>Resources\Textures</Filter>
    </None>
  </ItemGroup>
  <ItemGroup>
    <Text Include="brumm_f32.txt">
      <Filter>Resources\Sounds</Filter>
    </Text>
    <Text Include="brumm_s16.txt">
      <Filter>Resources\Sounds</Filter>
    </Text>
  </ItemGroup>
  <ItemGroup>
    <Filter Include="Core">
      <UniqueIdentifier>{1cafd1ae-f5ff-4d43-b9a2-c30968d6bc54}</UniqueIdentifier>
    </Filter>
    <Filter Include="Core\RuntimeManagers">
      <UniqueIdentifier>{2d437248-c87e-46d6-93ac-327bc0b71ed4}</UniqueIdentifier>
    </Filter>
    <Filter Include="Resources">
      <UniqueIdentifier>{01092480-f19a-46d8-aef6-6e908946e958}</UniqueIdentifier>
    </Filter>
    <Filter Include="Objects">
      <UniqueIdentifier>{bd1c98ac-b842-4d13-b331-96144612b5c6}</UniqueIdentifier>
    </Filter>
    <Filter Include="Objects\ConnectableComponents">
      <UniqueIdentifier>{ede28cf8-755e-4b3b-a1e1-7616cac6e9de}</UniqueIdentifier>
    </Filter>
    <Filter Include="UnderConstruction">
      <UniqueIdentifier>{ad9757ff-d66b-4567-90db-c0ec63a2d90e}</UniqueIdentifier>
    </Filter>
    <Filter Include="Objects\ConnectableCameraModes">
      <UniqueIdentifier>{bbc4a2d9-2c92-46dd-9298-97286377102e}</UniqueIdentifier>
    </Filter>
    <Filter Include="Resources\Sounds">
      <UniqueIdentifier>{0410089a-e2d3-41dd-8aa6-17b6d1dea33d}</UniqueIdentifier>
    </Filter>
    <Filter Include="Resources\Textures">
      <UniqueIdentifier>{ee25a2fc-6baf-410c-86a9-d422338fac9a}</UniqueIdentifier>
    </Filter>
    <Filter Include="Resources\Meshes">
      <UniqueIdentifier>{bff61cc8-b6d5-4064-9408-c1be1760ffd0}</UniqueIdentifier>
    </Filter>
    <Filter Include="Resources\Sounds\MP3">
      <UniqueIdentifier>{735abafb-4186-4430-a971-eb6b570e5cb6}</UniqueIdentifier>
    </Filter>
    <Filter Include="Resources\Textures\ControlEllements">
      <UniqueIdentifier>{d7999985-e9e8-4eee-9292-dc9ca5b17c38}</UniqueIdentifier>
    </Filter>
    <Filter Include="Resources\Textures\Particles">
      <UniqueIdentifier>{27df9939-0d53-4701-8e17-6f177f8cedff}</UniqueIdentifier>
    </Filter>
    <Filter Include="Resources\Textures\Bleche">
      <UniqueIdentifier>{c9a7def6-de72-4d8d-b394-e40429d8a41b}</UniqueIdentifier>
    </Filter>
  </ItemGroup>
</Project>